// !$*UTF8*$!
{
	archiveVersion = 1;
	classes = {
	};
	objectVersion = 56;
	objects = {

/* Begin PBXBuildFile section */
		39517E58573AF28790DB25E0 /* Pods_Favorite.framework in Frameworks */ = {isa = PBXBuildFile; fileRef = E20A9283742E1D866C5E9FF4 /* Pods_Favorite.framework */; };
		CE068D36294813B800EDA3D4 /* Favorite.h in Headers */ = {isa = PBXBuildFile; fileRef = CE068D35294813B800EDA3D4 /* Favorite.h */; settings = {ATTRIBUTES = (Public, ); }; };
		CE068D3E2948142400EDA3D4 /* Realm in Frameworks */ = {isa = PBXBuildFile; productRef = CE068D3D2948142400EDA3D4 /* Realm */; };
		CE068D402948142400EDA3D4 /* RealmSwift in Frameworks */ = {isa = PBXBuildFile; productRef = CE068D3F2948142400EDA3D4 /* RealmSwift */; };
		CE068D4F294814A100EDA3D4 /* FavoriteEntity.swift in Sources */ = {isa = PBXBuildFile; fileRef = CE068D4E294814A100EDA3D4 /* FavoriteEntity.swift */; };
		CE068D51294814CC00EDA3D4 /* FavoriteDataSource.swift in Sources */ = {isa = PBXBuildFile; fileRef = CE068D50294814CC00EDA3D4 /* FavoriteDataSource.swift */; };
		CE068D7B2948193B00EDA3D4 /* FavoriteRepository.swift in Sources */ = {isa = PBXBuildFile; fileRef = CE068D7A2948193B00EDA3D4 /* FavoriteRepository.swift */; };
		CE068D7F294819AE00EDA3D4 /* FavoriteDomainModel.swift in Sources */ = {isa = PBXBuildFile; fileRef = CE068D7E294819AE00EDA3D4 /* FavoriteDomainModel.swift */; };
		CE068D8129481B4100EDA3D4 /* FavoriteMapper.swift in Sources */ = {isa = PBXBuildFile; fileRef = CE068D8029481B4100EDA3D4 /* FavoriteMapper.swift */; };
		CE068D8429481CF300EDA3D4 /* FavoriteInteractor.swift in Sources */ = {isa = PBXBuildFile; fileRef = CE068D8329481CF300EDA3D4 /* FavoriteInteractor.swift */; };
		CE068DB72948261100EDA3D4 /* FavoriteInjection.swift in Sources */ = {isa = PBXBuildFile; fileRef = CE068DB62948261100EDA3D4 /* FavoriteInjection.swift */; };
		CE068DBD29483A5200EDA3D4 /* CorePackage in Frameworks */ = {isa = PBXBuildFile; productRef = CE068DBC29483A5200EDA3D4 /* CorePackage */; };
/* End PBXBuildFile section */

/* Begin PBXFileReference section */
		37668E4437B5DEA7259CDA70 /* Pods-Favorite.debug.xcconfig */ = {isa = PBXFileReference; includeInIndex = 1; lastKnownFileType = text.xcconfig; name = "Pods-Favorite.debug.xcconfig"; path = "Target Support Files/Pods-Favorite/Pods-Favorite.debug.xcconfig"; sourceTree = "<group>"; };
		3A3B2846D463EF993F8A8E41 /* Pods-Favorite.release.xcconfig */ = {isa = PBXFileReference; includeInIndex = 1; lastKnownFileType = text.xcconfig; name = "Pods-Favorite.release.xcconfig"; path = "Target Support Files/Pods-Favorite/Pods-Favorite.release.xcconfig"; sourceTree = "<group>"; };
		CE068D32294813B800EDA3D4 /* Favorite.framework */ = {isa = PBXFileReference; explicitFileType = wrapper.framework; includeInIndex = 0; path = Favorite.framework; sourceTree = BUILT_PRODUCTS_DIR; };
		CE068D35294813B800EDA3D4 /* Favorite.h */ = {isa = PBXFileReference; lastKnownFileType = sourcecode.c.h; path = Favorite.h; sourceTree = "<group>"; };
		CE068D4E294814A100EDA3D4 /* FavoriteEntity.swift */ = {isa = PBXFileReference; lastKnownFileType = sourcecode.swift; path = FavoriteEntity.swift; sourceTree = "<group>"; };
		CE068D50294814CC00EDA3D4 /* FavoriteDataSource.swift */ = {isa = PBXFileReference; lastKnownFileType = sourcecode.swift; path = FavoriteDataSource.swift; sourceTree = "<group>"; };
		CE068D662948158800EDA3D4 /* Core.framework */ = {isa = PBXFileReference; explicitFileType = wrapper.framework; path = Core.framework; sourceTree = BUILT_PRODUCTS_DIR; };
		CE068D7A2948193B00EDA3D4 /* FavoriteRepository.swift */ = {isa = PBXFileReference; lastKnownFileType = sourcecode.swift; path = FavoriteRepository.swift; sourceTree = "<group>"; };
		CE068D7E294819AE00EDA3D4 /* FavoriteDomainModel.swift */ = {isa = PBXFileReference; lastKnownFileType = sourcecode.swift; path = FavoriteDomainModel.swift; sourceTree = "<group>"; };
		CE068D8029481B4100EDA3D4 /* FavoriteMapper.swift */ = {isa = PBXFileReference; lastKnownFileType = sourcecode.swift; path = FavoriteMapper.swift; sourceTree = "<group>"; };
		CE068D8329481CF300EDA3D4 /* FavoriteInteractor.swift */ = {isa = PBXFileReference; lastKnownFileType = sourcecode.swift; path = FavoriteInteractor.swift; sourceTree = "<group>"; };
		CE068D9C294820CB00EDA3D4 /* Detail.framework */ = {isa = PBXFileReference; explicitFileType = wrapper.framework; path = Detail.framework; sourceTree = BUILT_PRODUCTS_DIR; };
		CE068DB62948261100EDA3D4 /* FavoriteInjection.swift */ = {isa = PBXFileReference; lastKnownFileType = sourcecode.swift; path = FavoriteInjection.swift; sourceTree = "<group>"; };
		E20A9283742E1D866C5E9FF4 /* Pods_Favorite.framework */ = {isa = PBXFileReference; explicitFileType = wrapper.framework; includeInIndex = 0; path = Pods_Favorite.framework; sourceTree = BUILT_PRODUCTS_DIR; };
/* End PBXFileReference section */

/* Begin PBXFrameworksBuildPhase section */
		CE068D2F294813B800EDA3D4 /* Frameworks */ = {
			isa = PBXFrameworksBuildPhase;
			buildActionMask = 2147483647;
			files = (
				CE068DBD29483A5200EDA3D4 /* CorePackage in Frameworks */,
				CE068D402948142400EDA3D4 /* RealmSwift in Frameworks */,
				CE068D3E2948142400EDA3D4 /* Realm in Frameworks */,
				39517E58573AF28790DB25E0 /* Pods_Favorite.framework in Frameworks */,
			);
			runOnlyForDeploymentPostprocessing = 0;
		};
/* End PBXFrameworksBuildPhase section */

/* Begin PBXGroup section */
		3AA5F54DDE4929A6F52A5609 /* Pods */ = {
			isa = PBXGroup;
			children = (
				37668E4437B5DEA7259CDA70 /* Pods-Favorite.debug.xcconfig */,
				3A3B2846D463EF993F8A8E41 /* Pods-Favorite.release.xcconfig */,
			);
			name = Pods;
			path = ../App/Pods;
			sourceTree = "<group>";
		};
		C34FD7B23D2455EB1F84DBF6 /* Frameworks */ = {
			isa = PBXGroup;
			children = (
				CE068D9C294820CB00EDA3D4 /* Detail.framework */,
				CE068D662948158800EDA3D4 /* Core.framework */,
				E20A9283742E1D866C5E9FF4 /* Pods_Favorite.framework */,
			);
			name = Frameworks;
			sourceTree = "<group>";
		};
		CE068D28294813B800EDA3D4 = {
			isa = PBXGroup;
			children = (
				CE068D34294813B800EDA3D4 /* Favorite */,
				CE068D33294813B800EDA3D4 /* Products */,
				3AA5F54DDE4929A6F52A5609 /* Pods */,
				C34FD7B23D2455EB1F84DBF6 /* Frameworks */,
			);
			sourceTree = "<group>";
		};
		CE068D33294813B800EDA3D4 /* Products */ = {
			isa = PBXGroup;
			children = (
				CE068D32294813B800EDA3D4 /* Favorite.framework */,
			);
			name = Products;
			sourceTree = "<group>";
		};
		CE068D34294813B800EDA3D4 /* Favorite */ = {
			isa = PBXGroup;
			children = (
				CE068DB52948260400EDA3D4 /* DI */,
				CE068D7C2948199900EDA3D4 /* Domain */,
				CE068D4B2948147E00EDA3D4 /* Data */,
				CE068D35294813B800EDA3D4 /* Favorite.h */,
				CE068D8029481B4100EDA3D4 /* FavoriteMapper.swift */,
			);
			path = Favorite;
			sourceTree = "<group>";
		};
		CE068D4B2948147E00EDA3D4 /* Data */ = {
			isa = PBXGroup;
			children = (
				CE068D4D2948148B00EDA3D4 /* Entity */,
				CE068D50294814CC00EDA3D4 /* FavoriteDataSource.swift */,
				CE068D7A2948193B00EDA3D4 /* FavoriteRepository.swift */,
			);
			path = Data;
			sourceTree = "<group>";
		};
		CE068D4D2948148B00EDA3D4 /* Entity */ = {
			isa = PBXGroup;
			children = (
				CE068D4E294814A100EDA3D4 /* FavoriteEntity.swift */,
			);
			path = Entity;
			sourceTree = "<group>";
		};
		CE068D7C2948199900EDA3D4 /* Domain */ = {
			isa = PBXGroup;
			children = (
				CE068D8229481CE400EDA3D4 /* UseCase */,
				CE068D7D294819A100EDA3D4 /* Model */,
			);
			path = Domain;
			sourceTree = "<group>";
		};
		CE068D7D294819A100EDA3D4 /* Model */ = {
			isa = PBXGroup;
			children = (
				CE068D7E294819AE00EDA3D4 /* FavoriteDomainModel.swift */,
			);
			path = Model;
			sourceTree = "<group>";
		};
		CE068D8229481CE400EDA3D4 /* UseCase */ = {
			isa = PBXGroup;
			children = (
				CE068D8329481CF300EDA3D4 /* FavoriteInteractor.swift */,
			);
			path = UseCase;
			sourceTree = "<group>";
		};
		CE068DB52948260400EDA3D4 /* DI */ = {
			isa = PBXGroup;
			children = (
				CE068DB62948261100EDA3D4 /* FavoriteInjection.swift */,
			);
			path = DI;
			sourceTree = "<group>";
		};
/* End PBXGroup section */

/* Begin PBXHeadersBuildPhase section */
		CE068D2D294813B800EDA3D4 /* Headers */ = {
			isa = PBXHeadersBuildPhase;
			buildActionMask = 2147483647;
			files = (
				CE068D36294813B800EDA3D4 /* Favorite.h in Headers */,
			);
			runOnlyForDeploymentPostprocessing = 0;
		};
/* End PBXHeadersBuildPhase section */

/* Begin PBXNativeTarget section */
		CE068D31294813B800EDA3D4 /* Favorite */ = {
			isa = PBXNativeTarget;
			buildConfigurationList = CE068D39294813B800EDA3D4 /* Build configuration list for PBXNativeTarget "Favorite" */;
			buildPhases = (
				0B8C24ECF96A1CBC8B41005D /* [CP] Check Pods Manifest.lock */,
				CE068D2D294813B800EDA3D4 /* Headers */,
				CE068D2E294813B800EDA3D4 /* Sources */,
				CE068D2F294813B800EDA3D4 /* Frameworks */,
				CE068D30294813B800EDA3D4 /* Resources */,
			);
			buildRules = (
			);
			dependencies = (
			);
			name = Favorite;
			packageProductDependencies = (
				CE068D3D2948142400EDA3D4 /* Realm */,
				CE068D3F2948142400EDA3D4 /* RealmSwift */,
				CE068DBC29483A5200EDA3D4 /* CorePackage */,
			);
			productName = Favorite;
			productReference = CE068D32294813B800EDA3D4 /* Favorite.framework */;
			productType = "com.apple.product-type.framework";
		};
/* End PBXNativeTarget section */

/* Begin PBXProject section */
		CE068D29294813B800EDA3D4 /* Project object */ = {
			isa = PBXProject;
			attributes = {
				BuildIndependentTargetsInParallel = 1;
				LastUpgradeCheck = 1410;
				TargetAttributes = {
					CE068D31294813B800EDA3D4 = {
						CreatedOnToolsVersion = 14.1;
						LastSwiftMigration = 1410;
					};
				};
			};
			buildConfigurationList = CE068D2C294813B800EDA3D4 /* Build configuration list for PBXProject "Favorite" */;
			compatibilityVersion = "Xcode 14.0";
			developmentRegion = en;
			hasScannedForEncodings = 0;
			knownRegions = (
				en,
				Base,
			);
			mainGroup = CE068D28294813B800EDA3D4;
			packageReferences = (
				CE068D3C2948142400EDA3D4 /* XCRemoteSwiftPackageReference "realm-swift" */,
				CE068D412948143600EDA3D4 /* XCRemoteSwiftPackageReference "SDWebImageSwiftUI" */,
				CE068D442948144B00EDA3D4 /* XCRemoteSwiftPackageReference "SDWebImage" */,
				CE068DBB29483A5200EDA3D4 /* XCRemoteSwiftPackageReference "Modularization-Core-Package" */,
			);
			productRefGroup = CE068D33294813B800EDA3D4 /* Products */;
			projectDirPath = "";
			projectRoot = "";
			targets = (
				CE068D31294813B800EDA3D4 /* Favorite */,
			);
		};
/* End PBXProject section */

/* Begin PBXResourcesBuildPhase section */
		CE068D30294813B800EDA3D4 /* Resources */ = {
			isa = PBXResourcesBuildPhase;
			buildActionMask = 2147483647;
			files = (
			);
			runOnlyForDeploymentPostprocessing = 0;
		};
/* End PBXResourcesBuildPhase section */

/* Begin PBXShellScriptBuildPhase section */
		0B8C24ECF96A1CBC8B41005D /* [CP] Check Pods Manifest.lock */ = {
			isa = PBXShellScriptBuildPhase;
			buildActionMask = 2147483647;
			files = (
			);
			inputFileListPaths = (
			);
			inputPaths = (
				"${PODS_PODFILE_DIR_PATH}/Podfile.lock",
				"${PODS_ROOT}/Manifest.lock",
			);
			name = "[CP] Check Pods Manifest.lock";
			outputFileListPaths = (
			);
			outputPaths = (
				"$(DERIVED_FILE_DIR)/Pods-Favorite-checkManifestLockResult.txt",
			);
			runOnlyForDeploymentPostprocessing = 0;
			shellPath = /bin/sh;
			shellScript = "diff \"${PODS_PODFILE_DIR_PATH}/Podfile.lock\" \"${PODS_ROOT}/Manifest.lock\" > /dev/null\nif [ $? != 0 ] ; then\n    # print error to STDERR\n    echo \"error: The sandbox is not in sync with the Podfile.lock. Run 'pod install' or update your CocoaPods installation.\" >&2\n    exit 1\nfi\n# This output is used by Xcode 'outputs' to avoid re-running this script phase.\necho \"SUCCESS\" > \"${SCRIPT_OUTPUT_FILE_0}\"\n";
			showEnvVarsInLog = 0;
		};
/* End PBXShellScriptBuildPhase section */

/* Begin PBXSourcesBuildPhase section */
		CE068D2E294813B800EDA3D4 /* Sources */ = {
			isa = PBXSourcesBuildPhase;
			buildActionMask = 2147483647;
			files = (
				CE068D51294814CC00EDA3D4 /* FavoriteDataSource.swift in Sources */,
				CE068D8429481CF300EDA3D4 /* FavoriteInteractor.swift in Sources */,
				CE068D8129481B4100EDA3D4 /* FavoriteMapper.swift in Sources */,
				CE068D7F294819AE00EDA3D4 /* FavoriteDomainModel.swift in Sources */,
				CE068D4F294814A100EDA3D4 /* FavoriteEntity.swift in Sources */,
				CE068DB72948261100EDA3D4 /* FavoriteInjection.swift in Sources */,
				CE068D7B2948193B00EDA3D4 /* FavoriteRepository.swift in Sources */,
			);
			runOnlyForDeploymentPostprocessing = 0;
		};
/* End PBXSourcesBuildPhase section */

/* Begin XCBuildConfiguration section */
		CE068D37294813B800EDA3D4 /* Debug */ = {
			isa = XCBuildConfiguration;
			buildSettings = {
				ALWAYS_SEARCH_USER_PATHS = NO;
				CLANG_ANALYZER_NONNULL = YES;
				CLANG_ANALYZER_NUMBER_OBJECT_CONVERSION = YES_AGGRESSIVE;
				CLANG_CXX_LANGUAGE_STANDARD = "gnu++20";
				CLANG_ENABLE_MODULES = YES;
				CLANG_ENABLE_OBJC_ARC = YES;
				CLANG_ENABLE_OBJC_WEAK = YES;
				CLANG_WARN_BLOCK_CAPTURE_AUTORELEASING = YES;
				CLANG_WARN_BOOL_CONVERSION = YES;
				CLANG_WARN_COMMA = YES;
				CLANG_WARN_CONSTANT_CONVERSION = YES;
				CLANG_WARN_DEPRECATED_OBJC_IMPLEMENTATIONS = YES;
				CLANG_WARN_DIRECT_OBJC_ISA_USAGE = YES_ERROR;
				CLANG_WARN_DOCUMENTATION_COMMENTS = YES;
				CLANG_WARN_EMPTY_BODY = YES;
				CLANG_WARN_ENUM_CONVERSION = YES;
				CLANG_WARN_INFINITE_RECURSION = YES;
				CLANG_WARN_INT_CONVERSION = YES;
				CLANG_WARN_NON_LITERAL_NULL_CONVERSION = YES;
				CLANG_WARN_OBJC_IMPLICIT_RETAIN_SELF = YES;
				CLANG_WARN_OBJC_LITERAL_CONVERSION = YES;
				CLANG_WARN_OBJC_ROOT_CLASS = YES_ERROR;
				CLANG_WARN_QUOTED_INCLUDE_IN_FRAMEWORK_HEADER = YES;
				CLANG_WARN_RANGE_LOOP_ANALYSIS = YES;
				CLANG_WARN_STRICT_PROTOTYPES = YES;
				CLANG_WARN_SUSPICIOUS_MOVE = YES;
				CLANG_WARN_UNGUARDED_AVAILABILITY = YES_AGGRESSIVE;
				CLANG_WARN_UNREACHABLE_CODE = YES;
				CLANG_WARN__DUPLICATE_METHOD_MATCH = YES;
				COPY_PHASE_STRIP = NO;
				CURRENT_PROJECT_VERSION = 1;
				DEBUG_INFORMATION_FORMAT = dwarf;
				ENABLE_STRICT_OBJC_MSGSEND = YES;
				ENABLE_TESTABILITY = YES;
				GCC_C_LANGUAGE_STANDARD = gnu11;
				GCC_DYNAMIC_NO_PIC = NO;
				GCC_NO_COMMON_BLOCKS = YES;
				GCC_OPTIMIZATION_LEVEL = 0;
				GCC_PREPROCESSOR_DEFINITIONS = (
					"DEBUG=1",
					"$(inherited)",
				);
				GCC_WARN_64_TO_32_BIT_CONVERSION = YES;
				GCC_WARN_ABOUT_RETURN_TYPE = YES_ERROR;
				GCC_WARN_UNDECLARED_SELECTOR = YES;
				GCC_WARN_UNINITIALIZED_AUTOS = YES_AGGRESSIVE;
				GCC_WARN_UNUSED_FUNCTION = YES;
				GCC_WARN_UNUSED_VARIABLE = YES;
				IPHONEOS_DEPLOYMENT_TARGET = 16.1;
				MTL_ENABLE_DEBUG_INFO = INCLUDE_SOURCE;
				MTL_FAST_MATH = YES;
				ONLY_ACTIVE_ARCH = YES;
				SDKROOT = iphoneos;
				SWIFT_ACTIVE_COMPILATION_CONDITIONS = DEBUG;
				SWIFT_OPTIMIZATION_LEVEL = "-Onone";
				VERSIONING_SYSTEM = "apple-generic";
				VERSION_INFO_PREFIX = "";
			};
			name = Debug;
		};
		CE068D38294813B800EDA3D4 /* Release */ = {
			isa = XCBuildConfiguration;
			buildSettings = {
				ALWAYS_SEARCH_USER_PATHS = NO;
				CLANG_ANALYZER_NONNULL = YES;
				CLANG_ANALYZER_NUMBER_OBJECT_CONVERSION = YES_AGGRESSIVE;
				CLANG_CXX_LANGUAGE_STANDARD = "gnu++20";
				CLANG_ENABLE_MODULES = YES;
				CLANG_ENABLE_OBJC_ARC = YES;
				CLANG_ENABLE_OBJC_WEAK = YES;
				CLANG_WARN_BLOCK_CAPTURE_AUTORELEASING = YES;
				CLANG_WARN_BOOL_CONVERSION = YES;
				CLANG_WARN_COMMA = YES;
				CLANG_WARN_CONSTANT_CONVERSION = YES;
				CLANG_WARN_DEPRECATED_OBJC_IMPLEMENTATIONS = YES;
				CLANG_WARN_DIRECT_OBJC_ISA_USAGE = YES_ERROR;
				CLANG_WARN_DOCUMENTATION_COMMENTS = YES;
				CLANG_WARN_EMPTY_BODY = YES;
				CLANG_WARN_ENUM_CONVERSION = YES;
				CLANG_WARN_INFINITE_RECURSION = YES;
				CLANG_WARN_INT_CONVERSION = YES;
				CLANG_WARN_NON_LITERAL_NULL_CONVERSION = YES;
				CLANG_WARN_OBJC_IMPLICIT_RETAIN_SELF = YES;
				CLANG_WARN_OBJC_LITERAL_CONVERSION = YES;
				CLANG_WARN_OBJC_ROOT_CLASS = YES_ERROR;
				CLANG_WARN_QUOTED_INCLUDE_IN_FRAMEWORK_HEADER = YES;
				CLANG_WARN_RANGE_LOOP_ANALYSIS = YES;
				CLANG_WARN_STRICT_PROTOTYPES = YES;
				CLANG_WARN_SUSPICIOUS_MOVE = YES;
				CLANG_WARN_UNGUARDED_AVAILABILITY = YES_AGGRESSIVE;
				CLANG_WARN_UNREACHABLE_CODE = YES;
				CLANG_WARN__DUPLICATE_METHOD_MATCH = YES;
				COPY_PHASE_STRIP = NO;
				CURRENT_PROJECT_VERSION = 1;
				DEBUG_INFORMATION_FORMAT = "dwarf-with-dsym";
				ENABLE_NS_ASSERTIONS = NO;
				ENABLE_STRICT_OBJC_MSGSEND = YES;
				GCC_C_LANGUAGE_STANDARD = gnu11;
				GCC_NO_COMMON_BLOCKS = YES;
				GCC_WARN_64_TO_32_BIT_CONVERSION = YES;
				GCC_WARN_ABOUT_RETURN_TYPE = YES_ERROR;
				GCC_WARN_UNDECLARED_SELECTOR = YES;
				GCC_WARN_UNINITIALIZED_AUTOS = YES_AGGRESSIVE;
				GCC_WARN_UNUSED_FUNCTION = YES;
				GCC_WARN_UNUSED_VARIABLE = YES;
				IPHONEOS_DEPLOYMENT_TARGET = 16.1;
				MTL_ENABLE_DEBUG_INFO = NO;
				MTL_FAST_MATH = YES;
				SDKROOT = iphoneos;
				SWIFT_COMPILATION_MODE = wholemodule;
				SWIFT_OPTIMIZATION_LEVEL = "-O";
				VALIDATE_PRODUCT = YES;
				VERSIONING_SYSTEM = "apple-generic";
				VERSION_INFO_PREFIX = "";
			};
			name = Release;
		};
		CE068D3A294813B800EDA3D4 /* Debug */ = {
			isa = XCBuildConfiguration;
			baseConfigurationReference = 37668E4437B5DEA7259CDA70 /* Pods-Favorite.debug.xcconfig */;
			buildSettings = {
				CLANG_ENABLE_MODULES = YES;
				CODE_SIGN_STYLE = Automatic;
				CURRENT_PROJECT_VERSION = 1;
				DEFINES_MODULE = YES;
				DEVELOPMENT_TEAM = PV2Q92Y99P;
				DYLIB_COMPATIBILITY_VERSION = 1;
				DYLIB_CURRENT_VERSION = 1;
				DYLIB_INSTALL_NAME_BASE = "@rpath";
				GENERATE_INFOPLIST_FILE = YES;
				INFOPLIST_KEY_NSHumanReadableCopyright = "";
				INSTALL_PATH = "$(LOCAL_LIBRARY_DIR)/Frameworks";
				LD_RUNPATH_SEARCH_PATHS = (
					"$(inherited)",
					"@executable_path/Frameworks",
					"@loader_path/Frameworks",
				);
				MARKETING_VERSION = 1.0;
				PRODUCT_BUNDLE_IDENTIFIER = aldidwiki.Favorite;
				PRODUCT_NAME = "$(TARGET_NAME:c99extidentifier)";
				SKIP_INSTALL = YES;
				SWIFT_EMIT_LOC_STRINGS = YES;
				SWIFT_OPTIMIZATION_LEVEL = "-Onone";
				SWIFT_VERSION = 5.0;
				TARGETED_DEVICE_FAMILY = "1,2";
			};
			name = Debug;
		};
		CE068D3B294813B800EDA3D4 /* Release */ = {
			isa = XCBuildConfiguration;
			baseConfigurationReference = 3A3B2846D463EF993F8A8E41 /* Pods-Favorite.release.xcconfig */;
			buildSettings = {
				CLANG_ENABLE_MODULES = YES;
				CODE_SIGN_STYLE = Automatic;
				CURRENT_PROJECT_VERSION = 1;
				DEFINES_MODULE = YES;
				DEVELOPMENT_TEAM = PV2Q92Y99P;
				DYLIB_COMPATIBILITY_VERSION = 1;
				DYLIB_CURRENT_VERSION = 1;
				DYLIB_INSTALL_NAME_BASE = "@rpath";
				GENERATE_INFOPLIST_FILE = YES;
				INFOPLIST_KEY_NSHumanReadableCopyright = "";
				INSTALL_PATH = "$(LOCAL_LIBRARY_DIR)/Frameworks";
				LD_RUNPATH_SEARCH_PATHS = (
					"$(inherited)",
					"@executable_path/Frameworks",
					"@loader_path/Frameworks",
				);
				MARKETING_VERSION = 1.0;
				PRODUCT_BUNDLE_IDENTIFIER = aldidwiki.Favorite;
				PRODUCT_NAME = "$(TARGET_NAME:c99extidentifier)";
				SKIP_INSTALL = YES;
				SWIFT_EMIT_LOC_STRINGS = YES;
				SWIFT_VERSION = 5.0;
				TARGETED_DEVICE_FAMILY = "1,2";
			};
			name = Release;
		};
/* End XCBuildConfiguration section */

/* Begin XCConfigurationList section */
		CE068D2C294813B800EDA3D4 /* Build configuration list for PBXProject "Favorite" */ = {
			isa = XCConfigurationList;
			buildConfigurations = (
				CE068D37294813B800EDA3D4 /* Debug */,
				CE068D38294813B800EDA3D4 /* Release */,
			);
			defaultConfigurationIsVisible = 0;
			defaultConfigurationName = Release;
		};
		CE068D39294813B800EDA3D4 /* Build configuration list for PBXNativeTarget "Favorite" */ = {
			isa = XCConfigurationList;
			buildConfigurations = (
				CE068D3A294813B800EDA3D4 /* Debug */,
				CE068D3B294813B800EDA3D4 /* Release */,
			);
			defaultConfigurationIsVisible = 0;
			defaultConfigurationName = Release;
		};
/* End XCConfigurationList section */

/* Begin XCRemoteSwiftPackageReference section */
		CE068D3C2948142400EDA3D4 /* XCRemoteSwiftPackageReference "realm-swift" */ = {
			isa = XCRemoteSwiftPackageReference;
			repositoryURL = "https://github.com/realm/realm-swift.git";
			requirement = {
				kind = upToNextMajorVersion;
				minimumVersion = 10.33.0;
			};
		};
		CE068D412948143600EDA3D4 /* XCRemoteSwiftPackageReference "SDWebImageSwiftUI" */ = {
			isa = XCRemoteSwiftPackageReference;
			repositoryURL = "https://github.com/SDWebImage/SDWebImageSwiftUI";
			requirement = {
				kind = upToNextMajorVersion;
				minimumVersion = 2.0.0;
			};
		};
		CE068D442948144B00EDA3D4 /* XCRemoteSwiftPackageReference "SDWebImage" */ = {
			isa = XCRemoteSwiftPackageReference;
			repositoryURL = "https://github.com/SDWebImage/SDWebImage";
			requirement = {
				kind = upToNextMajorVersion;
				minimumVersion = 5.0.0;
			};
		};
		CE068DBB29483A5200EDA3D4 /* XCRemoteSwiftPackageReference "Modularization-Core-Package" */ = {
			isa = XCRemoteSwiftPackageReference;
			repositoryURL = "https://github.com/aldidwiki/Modularization-Core-Package.git";
			requirement = {
				branch = main;
				kind = branch;
			};
		};
/* End XCRemoteSwiftPackageReference section */

/* Begin XCSwiftPackageProductDependency section */
		CE068D3D2948142400EDA3D4 /* Realm */ = {
			isa = XCSwiftPackageProductDependency;
			package = CE068D3C2948142400EDA3D4 /* XCRemoteSwiftPackageReference "realm-swift" */;
			productName = Realm;
		};
		CE068D3F2948142400EDA3D4 /* RealmSwift */ = {
			isa = XCSwiftPackageProductDependency;
			package = CE068D3C2948142400EDA3D4 /* XCRemoteSwiftPackageReference "realm-swift" */;
			productName = RealmSwift;
		};
		CE068DBC29483A5200EDA3D4 /* CorePackage */ = {
			isa = XCSwiftPackageProductDependency;
			package = CE068DBB29483A5200EDA3D4 /* XCRemoteSwiftPackageReference "Modularization-Core-Package" */;
			productName = CorePackage;
		};
/* End XCSwiftPackageProductDependency section */
	};
	rootObject = CE068D29294813B800EDA3D4 /* Project object */;
}
